// !$*UTF8*$!
{
	archiveVersion = 1;
	classes = {
	};
	objectVersion = 48;
	objects = {

/* Begin PBXBuildFile section */
		72B42CC41F846DE500DDA296 /* AppDelegate.swift in Sources */ = {isa = PBXBuildFile; fileRef = 72B42CC31F846DE500DDA296 /* AppDelegate.swift */; };
		72B42CC91F846DE500DDA296 /* Main.storyboard in Resources */ = {isa = PBXBuildFile; fileRef = 72B42CC71F846DE500DDA296 /* Main.storyboard */; };
		72B42CCB1F846DE500DDA296 /* Assets.xcassets in Resources */ = {isa = PBXBuildFile; fileRef = 72B42CCA1F846DE500DDA296 /* Assets.xcassets */; };
		72B42CCE1F846DE500DDA296 /* LaunchScreen.storyboard in Resources */ = {isa = PBXBuildFile; fileRef = 72B42CCC1F846DE500DDA296 /* LaunchScreen.storyboard */; };
		72B42CD61F8482C500DDA296 /* CollectionViewLayout.swift in Sources */ = {isa = PBXBuildFile; fileRef = 72B42CD51F8482C500DDA296 /* CollectionViewLayout.swift */; };
		72B42CD81F8483BA00DDA296 /* HomeViewController.swift in Sources */ = {isa = PBXBuildFile; fileRef = 72B42CD71F8483BA00DDA296 /* HomeViewController.swift */; };
		72B42CDA1F84881C00DDA296 /* CollectionViewCell.swift in Sources */ = {isa = PBXBuildFile; fileRef = 72B42CD91F84881C00DDA296 /* CollectionViewCell.swift */; };
		72B42CDC1F848C9C00DDA296 /* ConnectivityManager.swift in Sources */ = {isa = PBXBuildFile; fileRef = 72B42CDB1F848C9C00DDA296 /* ConnectivityManager.swift */; };
/* End PBXBuildFile section */

/* Begin PBXFileReference section */
		72B42CC01F846DE500DDA296 /* TicTac.app */ = {isa = PBXFileReference; explicitFileType = wrapper.application; includeInIndex = 0; path = TicTac.app; sourceTree = BUILT_PRODUCTS_DIR; };
		72B42CC31F846DE500DDA296 /* AppDelegate.swift */ = {isa = PBXFileReference; lastKnownFileType = sourcecode.swift; path = AppDelegate.swift; sourceTree = "<group>"; };
		72B42CC81F846DE500DDA296 /* Base */ = {isa = PBXFileReference; lastKnownFileType = file.storyboard; name = Base; path = Base.lproj/Main.storyboard; sourceTree = "<group>"; };
		72B42CCA1F846DE500DDA296 /* Assets.xcassets */ = {isa = PBXFileReference; lastKnownFileType = folder.assetcatalog; path = Assets.xcassets; sourceTree = "<group>"; };
		72B42CCD1F846DE500DDA296 /* Base */ = {isa = PBXFileReference; lastKnownFileType = file.storyboard; name = Base; path = Base.lproj/LaunchScreen.storyboard; sourceTree = "<group>"; };
		72B42CCF1F846DE500DDA296 /* Info.plist */ = {isa = PBXFileReference; lastKnownFileType = text.plist.xml; path = Info.plist; sourceTree = "<group>"; };
		72B42CD51F8482C500DDA296 /* CollectionViewLayout.swift */ = {isa = PBXFileReference; fileEncoding = 4; lastKnownFileType = sourcecode.swift; path = CollectionViewLayout.swift; sourceTree = "<group>"; };
		72B42CD71F8483BA00DDA296 /* HomeViewController.swift */ = {isa = PBXFileReference; lastKnownFileType = sourcecode.swift; path = HomeViewController.swift; sourceTree = "<group>"; };
		72B42CD91F84881C00DDA296 /* CollectionViewCell.swift */ = {isa = PBXFileReference; lastKnownFileType = sourcecode.swift; path = CollectionViewCell.swift; sourceTree = "<group>"; };
		72B42CDB1F848C9C00DDA296 /* ConnectivityManager.swift */ = {isa = PBXFileReference; lastKnownFileType = sourcecode.swift; path = ConnectivityManager.swift; sourceTree = "<group>"; };
/* End PBXFileReference section */

/* Begin PBXFrameworksBuildPhase section */
		72B42CBD1F846DE500DDA296 /* Frameworks */ = {
			isa = PBXFrameworksBuildPhase;
			buildActionMask = 2147483647;
			files = (
			);
			runOnlyForDeploymentPostprocessing = 0;
		};
/* End PBXFrameworksBuildPhase section */

/* Begin PBXGroup section */
		72B42CB71F846DE500DDA296 = {
			isa = PBXGroup;
			children = (
				72B42CC21F846DE500DDA296 /* TicTac */,
				72B42CC11F846DE500DDA296 /* Products */,
			);
			sourceTree = "<group>";
		};
		72B42CC11F846DE500DDA296 /* Products */ = {
			isa = PBXGroup;
			children = (
				72B42CC01F846DE500DDA296 /* TicTac.app */,
			);
			name = Products;
			sourceTree = "<group>";
		};
		72B42CC21F846DE500DDA296 /* TicTac */ = {
			isa = PBXGroup;
			children = (
				72B42CC31F846DE500DDA296 /* AppDelegate.swift */,
				72B42CD51F8482C500DDA296 /* CollectionViewLayout.swift */,
				72B42CD91F84881C00DDA296 /* CollectionViewCell.swift */,
				72B42CD71F8483BA00DDA296 /* HomeViewController.swift */,
				72B42CDB1F848C9C00DDA296 /* ConnectivityManager.swift */,
				72B42CC71F846DE500DDA296 /* Main.storyboard */,
				72B42CCA1F846DE500DDA296 /* Assets.xcassets */,
				72B42CCC1F846DE500DDA296 /* LaunchScreen.storyboard */,
				72B42CCF1F846DE500DDA296 /* Info.plist */,
			);
			path = TicTac;
			sourceTree = "<group>";
		};
/* End PBXGroup section */

/* Begin PBXNativeTarget section */
		72B42CBF1F846DE500DDA296 /* TicTac */ = {
			isa = PBXNativeTarget;
			buildConfigurationList = 72B42CD21F846DE500DDA296 /* Build configuration list for PBXNativeTarget "TicTac" */;
			buildPhases = (
				72B42CBC1F846DE500DDA296 /* Sources */,
				72B42CBD1F846DE500DDA296 /* Frameworks */,
				72B42CBE1F846DE500DDA296 /* Resources */,
			);
			buildRules = (
			);
			dependencies = (
			);
			name = TicTac;
			productName = TicTac;
			productReference = 72B42CC01F846DE500DDA296 /* TicTac.app */;
			productType = "com.apple.product-type.application";
		};
/* End PBXNativeTarget section */

/* Begin PBXProject section */
		72B42CB81F846DE500DDA296 /* Project object */ = {
			isa = PBXProject;
			attributes = {
				LastSwiftUpdateCheck = 0910;
				LastUpgradeCheck = 0910;
				ORGANIZATIONNAME = "Scorpion Inc";
				TargetAttributes = {
					72B42CBF1F846DE500DDA296 = {
						CreatedOnToolsVersion = 9.1;
						ProvisioningStyle = Manual;
					};
				};
			};
			buildConfigurationList = 72B42CBB1F846DE500DDA296 /* Build configuration list for PBXProject "TicTac" */;
			compatibilityVersion = "Xcode 8.0";
			developmentRegion = en;
			hasScannedForEncodings = 0;
			knownRegions = (
				en,
				Base,
			);
			mainGroup = 72B42CB71F846DE500DDA296;
			productRefGroup = 72B42CC11F846DE500DDA296 /* Products */;
			projectDirPath = "";
			projectRoot = "";
			targets = (
				72B42CBF1F846DE500DDA296 /* TicTac */,
			);
		};
/* End PBXProject section */

/* Begin PBXResourcesBuildPhase section */
		72B42CBE1F846DE500DDA296 /* Resources */ = {
			isa = PBXResourcesBuildPhase;
			buildActionMask = 2147483647;
			files = (
				72B42CCE1F846DE500DDA296 /* LaunchScreen.storyboard in Resources */,
				72B42CCB1F846DE500DDA296 /* Assets.xcassets in Resources */,
				72B42CC91F846DE500DDA296 /* Main.storyboard in Resources */,
			);
			runOnlyForDeploymentPostprocessing = 0;
		};
/* End PBXResourcesBuildPhase section */

/* Begin PBXSourcesBuildPhase section */
		72B42CBC1F846DE500DDA296 /* Sources */ = {
			isa = PBXSourcesBuildPhase;
			buildActionMask = 2147483647;
			files = (
				72B42CD61F8482C500DDA296 /* CollectionViewLayout.swift in Sources */,
				72B42CC41F846DE500DDA296 /* AppDelegate.swift in Sources */,
				72B42CDA1F84881C00DDA296 /* CollectionViewCell.swift in Sources */,
				72B42CDC1F848C9C00DDA296 /* ConnectivityManager.swift in Sources */,
				72B42CD81F8483BA00DDA296 /* HomeViewController.swift in Sources */,
			);
			runOnlyForDeploymentPostprocessing = 0;
		};
/* End PBXSourcesBuildPhase section */

/* Begin PBXVariantGroup section */
		72B42CC71F846DE500DDA296 /* Main.storyboard */ = {
			isa = PBXVariantGroup;
			children = (
				72B42CC81F846DE500DDA296 /* Base */,
			);
			name = Main.storyboard;
			sourceTree = "<group>";
		};
		72B42CCC1F846DE500DDA296 /* LaunchScreen.storyboard */ = {
			isa = PBXVariantGroup;
			children = (
				72B42CCD1F846DE500DDA296 /* Base */,
			);
			name = LaunchScreen.storyboard;
			sourceTree = "<group>";
		};
/* End PBXVariantGroup section */

/* Begin XCBuildConfiguration section */
		72B42CD01F846DE500DDA296 /* Debug */ = {
			isa = XCBuildConfiguration;
			buildSettings = {
				ALWAYS_SEARCH_USER_PATHS = NO;
				CLANG_ANALYZER_NONNULL = YES;
				CLANG_ANALYZER_NUMBER_OBJECT_CONVERSION = YES_AGGRESSIVE;
				CLANG_CXX_LANGUAGE_STANDARD = "gnu++14";
				CLANG_CXX_LIBRARY = "libc++";
				CLANG_ENABLE_MODULES = YES;
				CLANG_ENABLE_OBJC_ARC = YES;
				CLANG_WARN_BLOCK_CAPTURE_AUTORELEASING = YES;
				CLANG_WARN_BOOL_CONVERSION = YES;
				CLANG_WARN_COMMA = YES;
				CLANG_WARN_CONSTANT_CONVERSION = YES;
				CLANG_WARN_DIRECT_OBJC_ISA_USAGE = YES_ERROR;
				CLANG_WARN_DOCUMENTATION_COMMENTS = YES;
				CLANG_WARN_EMPTY_BODY = YES;
				CLANG_WARN_ENUM_CONVERSION = YES;
				CLANG_WARN_INFINITE_RECURSION = YES;
				CLANG_WARN_INT_CONVERSION = YES;
				CLANG_WARN_NON_LITERAL_NULL_CONVERSION = YES;
				CLANG_WARN_OBJC_LITERAL_CONVERSION = YES;
				CLANG_WARN_OBJC_ROOT_CLASS = YES_ERROR;
				CLANG_WARN_RANGE_LOOP_ANALYSIS = YES;
				CLANG_WARN_STRICT_PROTOTYPES = YES;
				CLANG_WARN_SUSPICIOUS_MOVE = YES;
				CLANG_WARN_UNGUARDED_AVAILABILITY = YES_AGGRESSIVE;
				CLANG_WARN_UNREACHABLE_CODE = YES;
				CLANG_WARN__DUPLICATE_METHOD_MATCH = YES;
				CODE_SIGN_IDENTITY = "iPhone Developer";
				COPY_PHASE_STRIP = NO;
				DEBUG_INFORMATION_FORMAT = dwarf;
				ENABLE_STRICT_OBJC_MSGSEND = YES;
				ENABLE_TESTABILITY = YES;
				GCC_C_LANGUAGE_STANDARD = gnu11;
				GCC_DYNAMIC_NO_PIC = NO;
				GCC_NO_COMMON_BLOCKS = YES;
				GCC_OPTIMIZATION_LEVEL = 0;
				GCC_PREPROCESSOR_DEFINITIONS = (
					"DEBUG=1",
					"$(inherited)",
				);
				GCC_WARN_64_TO_32_BIT_CONVERSION = YES;
				GCC_WARN_ABOUT_RETURN_TYPE = YES_ERROR;
				GCC_WARN_UNDECLARED_SELECTOR = YES;
				GCC_WARN_UNINITIALIZED_AUTOS = YES_AGGRESSIVE;
				GCC_WARN_UNUSED_FUNCTION = YES;
				GCC_WARN_UNUSED_VARIABLE = YES;
				IPHONEOS_DEPLOYMENT_TARGET = 11.1;
				MTL_ENABLE_DEBUG_INFO = YES;
				ONLY_ACTIVE_ARCH = YES;
				SDKROOT = iphoneos;
				SWIFT_ACTIVE_COMPILATION_CONDITIONS = DEBUG;
				SWIFT_OPTIMIZATION_LEVEL = "-Onone";
			};
			name = Debug;
		};
		72B42CD11F846DE500DDA296 /* Release */ = {
			isa = XCBuildConfiguration;
			buildSettings = {
				ALWAYS_SEARCH_USER_PATHS = NO;
				CLANG_ANALYZER_NONNULL = YES;
				CLANG_ANALYZER_NUMBER_OBJECT_CONVERSION = YES_AGGRESSIVE;
				CLANG_CXX_LANGUAGE_STANDARD = "gnu++14";
				CLANG_CXX_LIBRARY = "libc++";
				CLANG_ENABLE_MODULES = YES;
				CLANG_ENABLE_OBJC_ARC = YES;
				CLANG_WARN_BLOCK_CAPTURE_AUTORELEASING = YES;
				CLANG_WARN_BOOL_CONVERSION = YES;
				CLANG_WARN_COMMA = YES;
				CLANG_WARN_CONSTANT_CONVERSION = YES;
				CLANG_WARN_DIRECT_OBJC_ISA_USAGE = YES_ERROR;
				CLANG_WARN_DOCUMENTATION_COMMENTS = YES;
				CLANG_WARN_EMPTY_BODY = YES;
				CLANG_WARN_ENUM_CONVERSION = YES;
				CLANG_WARN_INFINITE_RECURSION = YES;
				CLANG_WARN_INT_CONVERSION = YES;
				CLANG_WARN_NON_LITERAL_NULL_CONVERSION = YES;
				CLANG_WARN_OBJC_LITERAL_CONVERSION = YES;
				CLANG_WARN_OBJC_ROOT_CLASS = YES_ERROR;
				CLANG_WARN_RANGE_LOOP_ANALYSIS = YES;
				CLANG_WARN_STRICT_PROTOTYPES = YES;
				CLANG_WARN_SUSPICIOUS_MOVE = YES;
				CLANG_WARN_UNGUARDED_AVAILABILITY = YES_AGGRESSIVE;
				CLANG_WARN_UNREACHABLE_CODE = YES;
				CLANG_WARN__DUPLICATE_METHOD_MATCH = YES;
				CODE_SIGN_IDENTITY = "iPhone Developer";
				COPY_PHASE_STRIP = NO;
				DEBUG_INFORMATION_FORMAT = "dwarf-with-dsym";
				ENABLE_NS_ASSERTIONS = NO;
				ENABLE_STRICT_OBJC_MSGSEND = YES;
				GCC_C_LANGUAGE_STANDARD = gnu11;
				GCC_NO_COMMON_BLOCKS = YES;
				GCC_WARN_64_TO_32_BIT_CONVERSION = YES;
				GCC_WARN_ABOUT_RETURN_TYPE = YES_ERROR;
				GCC_WARN_UNDECLARED_SELECTOR = YES;
				GCC_WARN_UNINITIALIZED_AUTOS = YES_AGGRESSIVE;
				GCC_WARN_UNUSED_FUNCTION = YES;
				GCC_WARN_UNUSED_VARIABLE = YES;
				IPHONEOS_DEPLOYMENT_TARGET = 11.1;
				MTL_ENABLE_DEBUG_INFO = NO;
				SDKROOT = iphoneos;
				SWIFT_OPTIMIZATION_LEVEL = "-Owholemodule";
				VALIDATE_PRODUCT = YES;
			};
			name = Release;
		};
		72B42CD31F846DE500DDA296 /* Debug */ = {
			isa = XCBuildConfiguration;
			buildSettings = {
				ASSETCATALOG_COMPILER_APPICON_NAME = AppIcon;
				CODE_SIGN_STYLE = Manual;
				DEVELOPMENT_TEAM = JGSFB7JFSS;
				INFOPLIST_FILE = TicTac/Info.plist;
				LD_RUNPATH_SEARCH_PATHS = "$(inherited) @executable_path/Frameworks";
				PRODUCT_BUNDLE_IDENTIFIER = com.demo.TicTac;
				PRODUCT_NAME = "$(TARGET_NAME)";
				PROVISIONING_PROFILE = "7c26ffbe-d8da-4118-af28-1da310c35dd3";
				PROVISIONING_PROFILE_SPECIFIER = "iOS Development";
				SWIFT_VERSION = 4.0;
				TARGETED_DEVICE_FAMILY = "1,2";
			};
			name = Debug;
		};
		72B42CD41F846DE500DDA296 /* Release */ = {
			isa = XCBuildConfiguration;
			buildSettings = {
				ASSETCATALOG_COMPILER_APPICON_NAME = AppIcon;
				CODE_SIGN_STYLE = Manual;
				DEVELOPMENT_TEAM = JGSFB7JFSS;
				INFOPLIST_FILE = TicTac/Info.plist;
				LD_RUNPATH_SEARCH_PATHS = "$(inherited) @executable_path/Frameworks";
				PRODUCT_BUNDLE_IDENTIFIER = com.demo.TicTac;
				PRODUCT_NAME = "$(TARGET_NAME)";
				PROVISIONING_PROFILE = "7c26ffbe-d8da-4118-af28-1da310c35dd3";
				PROVISIONING_PROFILE_SPECIFIER = "iOS Development";
				SWIFT_VERSION = 4.0;
				TARGETED_DEVICE_FAMILY = "1,2";
			};
			name = Release;
		};
/* End XCBuildConfiguration section */

/* Begin XCConfigurationList section */
		72B42CBB1F846DE500DDA296 /* Build configuration list for PBXProject "TicTac" */ = {
			isa = XCConfigurationList;
			buildConfigurations = (
				72B42CD01F846DE500DDA296 /* Debug */,
				72B42CD11F846DE500DDA296 /* Release */,
			);
			defaultConfigurationIsVisible = 0;
			defaultConfigurationName = Release;
		};
		72B42CD21F846DE500DDA296 /* Build configuration list for PBXNativeTarget "TicTac" */ = {
			isa = XCConfigurationList;
			buildConfigurations = (
				72B42CD31F846DE500DDA296 /* Debug */,
				72B42CD41F846DE500DDA296 /* Release */,
			);
			defaultConfigurationIsVisible = 0;
			defaultConfigurationName = Release;
		};
/* End XCConfigurationList section */
	};
	rootObject = 72B42CB81F846DE500DDA296 /* Project object */;
}
